// !$*UTF8*$!
{
	archiveVersion = 1;
	classes = {
	};
	objectVersion = 46;
	objects = {

/* Begin PBXBuildFile section */
		CC43D1A71BD76A2A0050DE93 /* main.m in Sources */ = {isa = PBXBuildFile; fileRef = CC43D1A61BD76A2A0050DE93 /* main.m */; };
		CC43D1AA1BD76A2A0050DE93 /* AppDelegate.m in Sources */ = {isa = PBXBuildFile; fileRef = CC43D1A91BD76A2A0050DE93 /* AppDelegate.m */; };
		CC43D1AD1BD76A2A0050DE93 /* ViewController.m in Sources */ = {isa = PBXBuildFile; fileRef = CC43D1AC1BD76A2A0050DE93 /* ViewController.m */; };
		CC43D1B01BD76A2A0050DE93 /* Main.storyboard in Resources */ = {isa = PBXBuildFile; fileRef = CC43D1AE1BD76A2A0050DE93 /* Main.storyboard */; };
		CC43D1B21BD76A2A0050DE93 /* Assets.xcassets in Resources */ = {isa = PBXBuildFile; fileRef = CC43D1B11BD76A2A0050DE93 /* Assets.xcassets */; };
		CC43D1B51BD76A2A0050DE93 /* LaunchScreen.storyboard in Resources */ = {isa = PBXBuildFile; fileRef = CC43D1B31BD76A2A0050DE93 /* LaunchScreen.storyboard */; };
		CC43D1DC1BD76A4C0050DE93 /* TJBaseViewController.m in Sources */ = {isa = PBXBuildFile; fileRef = CC43D1BF1BD76A4C0050DE93 /* TJBaseViewController.m */; settings = {ASSET_TAGS = (); }; };
		CC43D1DD1BD76A4C0050DE93 /* TJNavigationController.m in Sources */ = {isa = PBXBuildFile; fileRef = CC43D1C11BD76A4C0050DE93 /* TJNavigationController.m */; settings = {ASSET_TAGS = (); }; };
		CC43D1DE1BD76A4C0050DE93 /* TJTabbarController.m in Sources */ = {isa = PBXBuildFile; fileRef = CC43D1C31BD76A4C0050DE93 /* TJTabbarController.m */; settings = {ASSET_TAGS = (); }; };
		CC43D1DF1BD76A4C0050DE93 /* TJAmusementViewController.m in Sources */ = {isa = PBXBuildFile; fileRef = CC43D1C61BD76A4C0050DE93 /* TJAmusementViewController.m */; settings = {ASSET_TAGS = (); }; };
		CC43D1E01BD76A4C0050DE93 /* TJAmusementViewController.xib in Resources */ = {isa = PBXBuildFile; fileRef = CC43D1C71BD76A4C0050DE93 /* TJAmusementViewController.xib */; settings = {ASSET_TAGS = (); }; };
		CC43D1E11BD76A4C0050DE93 /* TJCallViewController.m in Sources */ = {isa = PBXBuildFile; fileRef = CC43D1C91BD76A4C0050DE93 /* TJCallViewController.m */; settings = {ASSET_TAGS = (); }; };
		CC43D1E21BD76A4C0050DE93 /* TJCallViewController.xib in Resources */ = {isa = PBXBuildFile; fileRef = CC43D1CA1BD76A4C0050DE93 /* TJCallViewController.xib */; settings = {ASSET_TAGS = (); }; };
		CC43D1E31BD76A4C0050DE93 /* TJContactViewController.m in Sources */ = {isa = PBXBuildFile; fileRef = CC43D1CC1BD76A4C0050DE93 /* TJContactViewController.m */; settings = {ASSET_TAGS = (); }; };
		CC43D1E41BD76A4C0050DE93 /* TJContactViewController.xib in Resources */ = {isa = PBXBuildFile; fileRef = CC43D1CD1BD76A4C0050DE93 /* TJContactViewController.xib */; settings = {ASSET_TAGS = (); }; };
		CC43D1E51BD76A4C0050DE93 /* TJHomeViewController.m in Sources */ = {isa = PBXBuildFile; fileRef = CC43D1CF1BD76A4C0050DE93 /* TJHomeViewController.m */; settings = {ASSET_TAGS = (); }; };
		CC43D1E61BD76A4C0050DE93 /* TJHomeViewController.xib in Resources */ = {isa = PBXBuildFile; fileRef = CC43D1D01BD76A4C0050DE93 /* TJHomeViewController.xib */; settings = {ASSET_TAGS = (); }; };
		CC43D1E71BD76A4C0050DE93 /* TJMineViewController.m in Sources */ = {isa = PBXBuildFile; fileRef = CC43D1D21BD76A4C0050DE93 /* TJMineViewController.m */; settings = {ASSET_TAGS = (); }; };
		CC43D1E81BD76A4C0050DE93 /* TJMineViewController.xib in Resources */ = {isa = PBXBuildFile; fileRef = CC43D1D31BD76A4C0050DE93 /* TJMineViewController.xib */; settings = {ASSET_TAGS = (); }; };
		CC43D1E91BD76A4C0050DE93 /* LLTabBar.m in Sources */ = {isa = PBXBuildFile; fileRef = CC43D1D91BD76A4C0050DE93 /* LLTabBar.m */; settings = {ASSET_TAGS = (); }; };
		CC43D1EA1BD76A4C0050DE93 /* LLTabBarItem.m in Sources */ = {isa = PBXBuildFile; fileRef = CC43D1DB1BD76A4C0050DE93 /* LLTabBarItem.m */; settings = {ASSET_TAGS = (); }; };
		CC43D1EE1BD76B7D0050DE93 /* IMG_0344.jpg in Resources */ = {isa = PBXBuildFile; fileRef = CC43D1ED1BD76B7D0050DE93 /* IMG_0344.jpg */; settings = {ASSET_TAGS = (); }; };
		CC43D2001BD78CBD0050DE93 /* TJPushViewController.m in Sources */ = {isa = PBXBuildFile; fileRef = CC43D1FE1BD78CBD0050DE93 /* TJPushViewController.m */; settings = {ASSET_TAGS = (); }; };
		CC43D2011BD78CBD0050DE93 /* TJPushViewController.xib in Resources */ = {isa = PBXBuildFile; fileRef = CC43D1FF1BD78CBD0050DE93 /* TJPushViewController.xib */; settings = {ASSET_TAGS = (); }; };
/* End PBXBuildFile section */

/* Begin PBXFileReference section */
		CC43D1A21BD76A2A0050DE93 /* TJRiseTabBarDemo.app */ = {isa = PBXFileReference; explicitFileType = wrapper.application; includeInIndex = 0; path = TJRiseTabBarDemo.app; sourceTree = BUILT_PRODUCTS_DIR; };
		CC43D1A61BD76A2A0050DE93 /* main.m */ = {isa = PBXFileReference; lastKnownFileType = sourcecode.c.objc; path = main.m; sourceTree = "<group>"; };
		CC43D1A81BD76A2A0050DE93 /* AppDelegate.h */ = {isa = PBXFileReference; lastKnownFileType = sourcecode.c.h; path = AppDelegate.h; sourceTree = "<group>"; };
		CC43D1A91BD76A2A0050DE93 /* AppDelegate.m */ = {isa = PBXFileReference; lastKnownFileType = sourcecode.c.objc; path = AppDelegate.m; sourceTree = "<group>"; };
		CC43D1AB1BD76A2A0050DE93 /* ViewController.h */ = {isa = PBXFileReference; lastKnownFileType = sourcecode.c.h; path = ViewController.h; sourceTree = "<group>"; };
		CC43D1AC1BD76A2A0050DE93 /* ViewController.m */ = {isa = PBXFileReference; lastKnownFileType = sourcecode.c.objc; path = ViewController.m; sourceTree = "<group>"; };
		CC43D1AF1BD76A2A0050DE93 /* Base */ = {isa = PBXFileReference; lastKnownFileType = file.storyboard; name = Base; path = Base.lproj/Main.storyboard; sourceTree = "<group>"; };
		CC43D1B11BD76A2A0050DE93 /* Assets.xcassets */ = {isa = PBXFileReference; lastKnownFileType = folder.assetcatalog; path = Assets.xcassets; sourceTree = "<group>"; };
		CC43D1B41BD76A2A0050DE93 /* Base */ = {isa = PBXFileReference; lastKnownFileType = file.storyboard; name = Base; path = Base.lproj/LaunchScreen.storyboard; sourceTree = "<group>"; };
		CC43D1B61BD76A2A0050DE93 /* Info.plist */ = {isa = PBXFileReference; lastKnownFileType = text.plist.xml; path = Info.plist; sourceTree = "<group>"; };
		CC43D1BE1BD76A4C0050DE93 /* TJBaseViewController.h */ = {isa = PBXFileReference; fileEncoding = 4; lastKnownFileType = sourcecode.c.h; path = TJBaseViewController.h; sourceTree = "<group>"; };
		CC43D1BF1BD76A4C0050DE93 /* TJBaseViewController.m */ = {isa = PBXFileReference; fileEncoding = 4; lastKnownFileType = sourcecode.c.objc; path = TJBaseViewController.m; sourceTree = "<group>"; };
		CC43D1C01BD76A4C0050DE93 /* TJNavigationController.h */ = {isa = PBXFileReference; fileEncoding = 4; lastKnownFileType = sourcecode.c.h; path = TJNavigationController.h; sourceTree = "<group>"; };
		CC43D1C11BD76A4C0050DE93 /* TJNavigationController.m */ = {isa = PBXFileReference; fileEncoding = 4; lastKnownFileType = sourcecode.c.objc; path = TJNavigationController.m; sourceTree = "<group>"; };
		CC43D1C21BD76A4C0050DE93 /* TJTabbarController.h */ = {isa = PBXFileReference; fileEncoding = 4; lastKnownFileType = sourcecode.c.h; path = TJTabbarController.h; sourceTree = "<group>"; };
		CC43D1C31BD76A4C0050DE93 /* TJTabbarController.m */ = {isa = PBXFileReference; fileEncoding = 4; lastKnownFileType = sourcecode.c.objc; path = TJTabbarController.m; sourceTree = "<group>"; };
		CC43D1C51BD76A4C0050DE93 /* TJAmusementViewController.h */ = {isa = PBXFileReference; fileEncoding = 4; lastKnownFileType = sourcecode.c.h; path = TJAmusementViewController.h; sourceTree = "<group>"; };
		CC43D1C61BD76A4C0050DE93 /* TJAmusementViewController.m */ = {isa = PBXFileReference; fileEncoding = 4; lastKnownFileType = sourcecode.c.objc; path = TJAmusementViewController.m; sourceTree = "<group>"; };
		CC43D1C71BD76A4C0050DE93 /* TJAmusementViewController.xib */ = {isa = PBXFileReference; fileEncoding = 4; lastKnownFileType = file.xib; path = TJAmusementViewController.xib; sourceTree = "<group>"; };
		CC43D1C81BD76A4C0050DE93 /* TJCallViewController.h */ = {isa = PBXFileReference; fileEncoding = 4; lastKnownFileType = sourcecode.c.h; path = TJCallViewController.h; sourceTree = "<group>"; };
		CC43D1C91BD76A4C0050DE93 /* TJCallViewController.m */ = {isa = PBXFileReference; fileEncoding = 4; lastKnownFileType = sourcecode.c.objc; path = TJCallViewController.m; sourceTree = "<group>"; };
		CC43D1CA1BD76A4C0050DE93 /* TJCallViewController.xib */ = {isa = PBXFileReference; fileEncoding = 4; lastKnownFileType = file.xib; path = TJCallViewController.xib; sourceTree = "<group>"; };
		CC43D1CB1BD76A4C0050DE93 /* TJContactViewController.h */ = {isa = PBXFileReference; fileEncoding = 4; lastKnownFileType = sourcecode.c.h; path = TJContactViewController.h; sourceTree = "<group>"; };
		CC43D1CC1BD76A4C0050DE93 /* TJContactViewController.m */ = {isa = PBXFileReference; fileEncoding = 4; lastKnownFileType = sourcecode.c.objc; path = TJContactViewController.m; sourceTree = "<group>"; };
		CC43D1CD1BD76A4C0050DE93 /* TJContactViewController.xib */ = {isa = PBXFileReference; fileEncoding = 4; lastKnownFileType = file.xib; path = TJContactViewController.xib; sourceTree = "<group>"; };
		CC43D1CE1BD76A4C0050DE93 /* TJHomeViewController.h */ = {isa = PBXFileReference; fileEncoding = 4; lastKnownFileType = sourcecode.c.h; path = TJHomeViewController.h; sourceTree = "<group>"; };
		CC43D1CF1BD76A4C0050DE93 /* TJHomeViewController.m */ = {isa = PBXFileReference; fileEncoding = 4; lastKnownFileType = sourcecode.c.objc; path = TJHomeViewController.m; sourceTree = "<group>"; };
		CC43D1D01BD76A4C0050DE93 /* TJHomeViewController.xib */ = {isa = PBXFileReference; fileEncoding = 4; lastKnownFileType = file.xib; path = TJHomeViewController.xib; sourceTree = "<group>"; };
		CC43D1D11BD76A4C0050DE93 /* TJMineViewController.h */ = {isa = PBXFileReference; fileEncoding = 4; lastKnownFileType = sourcecode.c.h; path = TJMineViewController.h; sourceTree = "<group>"; };
		CC43D1D21BD76A4C0050DE93 /* TJMineViewController.m */ = {isa = PBXFileReference; fileEncoding = 4; lastKnownFileType = sourcecode.c.objc; path = TJMineViewController.m; sourceTree = "<group>"; };
		CC43D1D31BD76A4C0050DE93 /* TJMineViewController.xib */ = {isa = PBXFileReference; fileEncoding = 4; lastKnownFileType = file.xib; path = TJMineViewController.xib; sourceTree = "<group>"; };
		CC43D1D81BD76A4C0050DE93 /* LLTabBar.h */ = {isa = PBXFileReference; fileEncoding = 4; lastKnownFileType = sourcecode.c.h; path = LLTabBar.h; sourceTree = "<group>"; };
		CC43D1D91BD76A4C0050DE93 /* LLTabBar.m */ = {isa = PBXFileReference; fileEncoding = 4; lastKnownFileType = sourcecode.c.objc; path = LLTabBar.m; sourceTree = "<group>"; };
		CC43D1DA1BD76A4C0050DE93 /* LLTabBarItem.h */ = {isa = PBXFileReference; fileEncoding = 4; lastKnownFileType = sourcecode.c.h; path = LLTabBarItem.h; sourceTree = "<group>"; };
		CC43D1DB1BD76A4C0050DE93 /* LLTabBarItem.m */ = {isa = PBXFileReference; fileEncoding = 4; lastKnownFileType = sourcecode.c.objc; path = LLTabBarItem.m; sourceTree = "<group>"; };
		CC43D1ED1BD76B7D0050DE93 /* IMG_0344.jpg */ = {isa = PBXFileReference; lastKnownFileType = image.jpeg; path = IMG_0344.jpg; sourceTree = "<group>"; };
		CC43D1FB1BD78C020050DE93 /* YYNavigationControllerShouldPopProtocol.h */ = {isa = PBXFileReference; lastKnownFileType = sourcecode.c.h; path = YYNavigationControllerShouldPopProtocol.h; sourceTree = "<group>"; };
		CC43D1FD1BD78CBD0050DE93 /* TJPushViewController.h */ = {isa = PBXFileReference; fileEncoding = 4; lastKnownFileType = sourcecode.c.h; path = TJPushViewController.h; sourceTree = "<group>"; };
		CC43D1FE1BD78CBD0050DE93 /* TJPushViewController.m */ = {isa = PBXFileReference; fileEncoding = 4; lastKnownFileType = sourcecode.c.objc; path = TJPushViewController.m; sourceTree = "<group>"; };
		CC43D1FF1BD78CBD0050DE93 /* TJPushViewController.xib */ = {isa = PBXFileReference; fileEncoding = 4; lastKnownFileType = file.xib; path = TJPushViewController.xib; sourceTree = "<group>"; };
/* End PBXFileReference section */

/* Begin PBXFrameworksBuildPhase section */
		CC43D19F1BD76A2A0050DE93 /* Frameworks */ = {
			isa = PBXFrameworksBuildPhase;
			buildActionMask = 2147483647;
			files = (
			);
			runOnlyForDeploymentPostprocessing = 0;
		};
/* End PBXFrameworksBuildPhase section */

/* Begin PBXGroup section */
		CC43D1991BD76A2A0050DE93 = {
			isa = PBXGroup;
			children = (
				CC43D1A41BD76A2A0050DE93 /* TJRiseTabBarDemo */,
				CC43D1A31BD76A2A0050DE93 /* Products */,
			);
			sourceTree = "<group>";
		};
		CC43D1A31BD76A2A0050DE93 /* Products */ = {
			isa = PBXGroup;
			children = (
				CC43D1A21BD76A2A0050DE93 /* TJRiseTabBarDemo.app */,
			);
			name = Products;
			sourceTree = "<group>";
		};
		CC43D1A41BD76A2A0050DE93 /* TJRiseTabBarDemo */ = {
			isa = PBXGroup;
			children = (
				CC43D1BC1BD76A4C0050DE93 /* Classes */,
				CC43D1D61BD76A4C0050DE93 /* Venders */,
				CC43D1A81BD76A2A0050DE93 /* AppDelegate.h */,
				CC43D1A91BD76A2A0050DE93 /* AppDelegate.m */,
				CC43D1AB1BD76A2A0050DE93 /* ViewController.h */,
				CC43D1AC1BD76A2A0050DE93 /* ViewController.m */,
				CC43D1AE1BD76A2A0050DE93 /* Main.storyboard */,
				CC43D1B11BD76A2A0050DE93 /* Assets.xcassets */,
				CC43D1B31BD76A2A0050DE93 /* LaunchScreen.storyboard */,
				CC43D1B61BD76A2A0050DE93 /* Info.plist */,
				CC43D1A51BD76A2A0050DE93 /* Supporting Files */,
			);
			path = TJRiseTabBarDemo;
			sourceTree = "<group>";
		};
		CC43D1A51BD76A2A0050DE93 /* Supporting Files */ = {
			isa = PBXGroup;
			children = (
				CC43D1ED1BD76B7D0050DE93 /* IMG_0344.jpg */,
				CC43D1A61BD76A2A0050DE93 /* main.m */,
			);
			name = "Supporting Files";
			sourceTree = "<group>";
		};
		CC43D1BC1BD76A4C0050DE93 /* Classes */ = {
			isa = PBXGroup;
			children = (
				CC43D1BD1BD76A4C0050DE93 /* Base */,
				CC43D1C41BD76A4C0050DE93 /* Controllers */,
				CC43D1D41BD76A4C0050DE93 /* Models */,
				CC43D1D51BD76A4C0050DE93 /* Views */,
			);
			path = Classes;
			sourceTree = "<group>";
		};
		CC43D1BD1BD76A4C0050DE93 /* Base */ = {
			isa = PBXGroup;
			children = (
				CC43D1FB1BD78C020050DE93 /* YYNavigationControllerShouldPopProtocol.h */,
				CC43D1BE1BD76A4C0050DE93 /* TJBaseViewController.h */,
				CC43D1BF1BD76A4C0050DE93 /* TJBaseViewController.m */,
				CC43D1C01BD76A4C0050DE93 /* TJNavigationController.h */,
				CC43D1C11BD76A4C0050DE93 /* TJNavigationController.m */,
				CC43D1C21BD76A4C0050DE93 /* TJTabbarController.h */,
				CC43D1C31BD76A4C0050DE93 /* TJTabbarController.m */,
			);
			path = Base;
			sourceTree = "<group>";
		};
		CC43D1C41BD76A4C0050DE93 /* Controllers */ = {
			isa = PBXGroup;
			children = (
				CC43D1FC1BD78CAF0050DE93 /* Push */,
				CC43D1F31BD773E60050DE93 /* Amusement */,
				CC43D1F21BD773DD0050DE93 /* Call */,
				CC43D1F11BD773D70050DE93 /* Contact */,
				CC43D1F01BD773D20050DE93 /* Me */,
				CC43D1EF1BD773CD0050DE93 /* Home */,
			);
			path = Controllers;
			sourceTree = "<group>";
		};
		CC43D1D41BD76A4C0050DE93 /* Models */ = {
			isa = PBXGroup;
			children = (
			);
			path = Models;
			sourceTree = "<group>";
		};
		CC43D1D51BD76A4C0050DE93 /* Views */ = {
			isa = PBXGroup;
			children = (
			);
			path = Views;
			sourceTree = "<group>";
		};
		CC43D1D61BD76A4C0050DE93 /* Venders */ = {
			isa = PBXGroup;
			children = (
				CC43D1D71BD76A4C0050DE93 /* LLTabBar */,
			);
			path = Venders;
			sourceTree = "<group>";
		};
		CC43D1D71BD76A4C0050DE93 /* LLTabBar */ = {
			isa = PBXGroup;
			children = (
				CC43D1D81BD76A4C0050DE93 /* LLTabBar.h */,
				CC43D1D91BD76A4C0050DE93 /* LLTabBar.m */,
				CC43D1DA1BD76A4C0050DE93 /* LLTabBarItem.h */,
				CC43D1DB1BD76A4C0050DE93 /* LLTabBarItem.m */,
			);
			path = LLTabBar;
			sourceTree = "<group>";
		};
		CC43D1EF1BD773CD0050DE93 /* Home */ = {
			isa = PBXGroup;
			children = (
				CC43D1CE1BD76A4C0050DE93 /* TJHomeViewController.h */,
				CC43D1CF1BD76A4C0050DE93 /* TJHomeViewController.m */,
				CC43D1D01BD76A4C0050DE93 /* TJHomeViewController.xib */,
			);
			name = Home;
			sourceTree = "<group>";
		};
		CC43D1F01BD773D20050DE93 /* Me */ = {
			isa = PBXGroup;
			children = (
				CC43D1D11BD76A4C0050DE93 /* TJMineViewController.h */,
				CC43D1D21BD76A4C0050DE93 /* TJMineViewController.m */,
				CC43D1D31BD76A4C0050DE93 /* TJMineViewController.xib */,
			);
			name = Me;
			sourceTree = "<group>";
		};
		CC43D1F11BD773D70050DE93 /* Contact */ = {
			isa = PBXGroup;
			children = (
				CC43D1CB1BD76A4C0050DE93 /* TJContactViewController.h */,
				CC43D1CC1BD76A4C0050DE93 /* TJContactViewController.m */,
				CC43D1CD1BD76A4C0050DE93 /* TJContactViewController.xib */,
			);
			name = Contact;
			sourceTree = "<group>";
		};
		CC43D1F21BD773DD0050DE93 /* Call */ = {
			isa = PBXGroup;
			children = (
				CC43D1C81BD76A4C0050DE93 /* TJCallViewController.h */,
				CC43D1C91BD76A4C0050DE93 /* TJCallViewController.m */,
				CC43D1CA1BD76A4C0050DE93 /* TJCallViewController.xib */,
			);
			name = Call;
			sourceTree = "<group>";
		};
		CC43D1F31BD773E60050DE93 /* Amusement */ = {
			isa = PBXGroup;
			children = (
				CC43D1C51BD76A4C0050DE93 /* TJAmusementViewController.h */,
				CC43D1C61BD76A4C0050DE93 /* TJAmusementViewController.m */,
				CC43D1C71BD76A4C0050DE93 /* TJAmusementViewController.xib */,
			);
			name = Amusement;
			sourceTree = "<group>";
		};
		CC43D1FC1BD78CAF0050DE93 /* Push */ = {
			isa = PBXGroup;
			children = (
				CC43D1FD1BD78CBD0050DE93 /* TJPushViewController.h */,
				CC43D1FE1BD78CBD0050DE93 /* TJPushViewController.m */,
				CC43D1FF1BD78CBD0050DE93 /* TJPushViewController.xib */,
			);
			name = Push;
			sourceTree = "<group>";
		};
/* End PBXGroup section */

/* Begin PBXNativeTarget section */
		CC43D1A11BD76A2A0050DE93 /* TJRiseTabBarDemo */ = {
			isa = PBXNativeTarget;
			buildConfigurationList = CC43D1B91BD76A2A0050DE93 /* Build configuration list for PBXNativeTarget "TJRiseTabBarDemo" */;
			buildPhases = (
				CC43D19E1BD76A2A0050DE93 /* Sources */,
				CC43D19F1BD76A2A0050DE93 /* Frameworks */,
				CC43D1A01BD76A2A0050DE93 /* Resources */,
			);
			buildRules = (
			);
			dependencies = (
			);
			name = TJRiseTabBarDemo;
			productName = TJRiseTabBarDemo;
			productReference = CC43D1A21BD76A2A0050DE93 /* TJRiseTabBarDemo.app */;
			productType = "com.apple.product-type.application";
		};
/* End PBXNativeTarget section */

/* Begin PBXProject section */
		CC43D19A1BD76A2A0050DE93 /* Project object */ = {
			isa = PBXProject;
			attributes = {
				CLASSPREFIX = TJ;
				LastUpgradeCheck = 0700;
				ORGANIZATIONNAME = "Tofu Jelly";
				TargetAttributes = {
					CC43D1A11BD76A2A0050DE93 = {
						CreatedOnToolsVersion = 7.0;
					};
				};
			};
			buildConfigurationList = CC43D19D1BD76A2A0050DE93 /* Build configuration list for PBXProject "TJRiseTabBarDemo" */;
			compatibilityVersion = "Xcode 3.2";
			developmentRegion = English;
			hasScannedForEncodings = 0;
			knownRegions = (
				en,
				Base,
			);
			mainGroup = CC43D1991BD76A2A0050DE93;
			productRefGroup = CC43D1A31BD76A2A0050DE93 /* Products */;
			projectDirPath = "";
			projectRoot = "";
			targets = (
				CC43D1A11BD76A2A0050DE93 /* TJRiseTabBarDemo */,
			);
		};
/* End PBXProject section */

/* Begin PBXResourcesBuildPhase section */
		CC43D1A01BD76A2A0050DE93 /* Resources */ = {
			isa = PBXResourcesBuildPhase;
			buildActionMask = 2147483647;
			files = (
				CC43D1B51BD76A2A0050DE93 /* LaunchScreen.storyboard in Resources */,
				CC43D1E41BD76A4C0050DE93 /* TJContactViewController.xib in Resources */,
				CC43D1B21BD76A2A0050DE93 /* Assets.xcassets in Resources */,
				CC43D1E01BD76A4C0050DE93 /* TJAmusementViewController.xib in Resources */,
				CC43D1EE1BD76B7D0050DE93 /* IMG_0344.jpg in Resources */,
				CC43D1E21BD76A4C0050DE93 /* TJCallViewController.xib in Resources */,
				CC43D1B01BD76A2A0050DE93 /* Main.storyboard in Resources */,
				CC43D1E61BD76A4C0050DE93 /* TJHomeViewController.xib in Resources */,
				CC43D2011BD78CBD0050DE93 /* TJPushViewController.xib in Resources */,
				CC43D1E81BD76A4C0050DE93 /* TJMineViewController.xib in Resources */,
			);
			runOnlyForDeploymentPostprocessing = 0;
		};
/* End PBXResourcesBuildPhase section */

/* Begin PBXSourcesBuildPhase section */
		CC43D19E1BD76A2A0050DE93 /* Sources */ = {
			isa = PBXSourcesBuildPhase;
			buildActionMask = 2147483647;
			files = (
				CC43D1AD1BD76A2A0050DE93 /* ViewController.m in Sources */,
				CC43D1E51BD76A4C0050DE93 /* TJHomeViewController.m in Sources */,
				CC43D1EA1BD76A4C0050DE93 /* LLTabBarItem.m in Sources */,
				CC43D1DC1BD76A4C0050DE93 /* TJBaseViewController.m in Sources */,
				CC43D2001BD78CBD0050DE93 /* TJPushViewController.m in Sources */,
				CC43D1E11BD76A4C0050DE93 /* TJCallViewController.m in Sources */,
				CC43D1AA1BD76A2A0050DE93 /* AppDelegate.m in Sources */,
				CC43D1E91BD76A4C0050DE93 /* LLTabBar.m in Sources */,
				CC43D1DE1BD76A4C0050DE93 /* TJTabbarController.m in Sources */,
				CC43D1E31BD76A4C0050DE93 /* TJContactViewController.m in Sources */,
				CC43D1DF1BD76A4C0050DE93 /* TJAmusementViewController.m in Sources */,
				CC43D1DD1BD76A4C0050DE93 /* TJNavigationController.m in Sources */,
				CC43D1E71BD76A4C0050DE93 /* TJMineViewController.m in Sources */,
				CC43D1A71BD76A2A0050DE93 /* main.m in Sources */,
			);
			runOnlyForDeploymentPostprocessing = 0;
		};
/* End PBXSourcesBuildPhase section */

/* Begin PBXVariantGroup section */
		CC43D1AE1BD76A2A0050DE93 /* Main.storyboard */ = {
			isa = PBXVariantGroup;
			children = (
				CC43D1AF1BD76A2A0050DE93 /* Base */,
			);
			name = Main.storyboard;
			sourceTree = "<group>";
		};
		CC43D1B31BD76A2A0050DE93 /* LaunchScreen.storyboard */ = {
			isa = PBXVariantGroup;
			children = (
				CC43D1B41BD76A2A0050DE93 /* Base */,
			);
			name = LaunchScreen.storyboard;
			sourceTree = "<group>";
		};
/* End PBXVariantGroup section */

/* Begin XCBuildConfiguration section */
		CC43D1B71BD76A2A0050DE93 /* Debug */ = {
			isa = XCBuildConfiguration;
			buildSettings = {
				ALWAYS_SEARCH_USER_PATHS = NO;
				CLANG_CXX_LANGUAGE_STANDARD = "gnu++0x";
				CLANG_CXX_LIBRARY = "libc++";
				CLANG_ENABLE_MODULES = YES;
				CLANG_ENABLE_OBJC_ARC = YES;
				CLANG_WARN_BOOL_CONVERSION = YES;
				CLANG_WARN_CONSTANT_CONVERSION = YES;
				CLANG_WARN_DIRECT_OBJC_ISA_USAGE = YES_ERROR;
				CLANG_WARN_EMPTY_BODY = YES;
				CLANG_WARN_ENUM_CONVERSION = YES;
				CLANG_WARN_INT_CONVERSION = YES;
				CLANG_WARN_OBJC_ROOT_CLASS = YES_ERROR;
				CLANG_WARN_UNREACHABLE_CODE = YES;
				CLANG_WARN__DUPLICATE_METHOD_MATCH = YES;
				"CODE_SIGN_IDENTITY[sdk=iphoneos*]" = "iPhone Developer";
				COPY_PHASE_STRIP = NO;
				DEBUG_INFORMATION_FORMAT = dwarf;
				ENABLE_STRICT_OBJC_MSGSEND = YES;
				ENABLE_TESTABILITY = YES;
				GCC_C_LANGUAGE_STANDARD = gnu99;
				GCC_DYNAMIC_NO_PIC = NO;
				GCC_NO_COMMON_BLOCKS = YES;
				GCC_OPTIMIZATION_LEVEL = 0;
				GCC_PREPROCESSOR_DEFINITIONS = (
					"DEBUG=1",
					"$(inherited)",
				);
				GCC_WARN_64_TO_32_BIT_CONVERSION = YES;
				GCC_WARN_ABOUT_RETURN_TYPE = YES_ERROR;
				GCC_WARN_UNDECLARED_SELECTOR = YES;
				GCC_WARN_UNINITIALIZED_AUTOS = YES_AGGRESSIVE;
				GCC_WARN_UNUSED_FUNCTION = YES;
				GCC_WARN_UNUSED_VARIABLE = YES;
				IPHONEOS_DEPLOYMENT_TARGET = 9.0;
				MTL_ENABLE_DEBUG_INFO = YES;
				ONLY_ACTIVE_ARCH = YES;
				SDKROOT = iphoneos;
			};
			name = Debug;
		};
		CC43D1B81BD76A2A0050DE93 /* Release */ = {
			isa = XCBuildConfiguration;
			buildSettings = {
				ALWAYS_SEARCH_USER_PATHS = NO;
				CLANG_CXX_LANGUAGE_STANDARD = "gnu++0x";
				CLANG_CXX_LIBRARY = "libc++";
				CLANG_ENABLE_MODULES = YES;
				CLANG_ENABLE_OBJC_ARC = YES;
				CLANG_WARN_BOOL_CONVERSION = YES;
				CLANG_WARN_CONSTANT_CONVERSION = YES;
				CLANG_WARN_DIRECT_OBJC_ISA_USAGE = YES_ERROR;
				CLANG_WARN_EMPTY_BODY = YES;
				CLANG_WARN_ENUM_CONVERSION = YES;
				CLANG_WARN_INT_CONVERSION = YES;
				CLANG_WARN_OBJC_ROOT_CLASS = YES_ERROR;
				CLANG_WARN_UNREACHABLE_CODE = YES;
				CLANG_WARN__DUPLICATE_METHOD_MATCH = YES;
				"CODE_SIGN_IDENTITY[sdk=iphoneos*]" = "iPhone Developer";
				COPY_PHASE_STRIP = NO;
				DEBUG_INFORMATION_FORMAT = "dwarf-with-dsym";
				ENABLE_NS_ASSERTIONS = NO;
				ENABLE_STRICT_OBJC_MSGSEND = YES;
				GCC_C_LANGUAGE_STANDARD = gnu99;
				GCC_NO_COMMON_BLOCKS = YES;
				GCC_WARN_64_TO_32_BIT_CONVERSION = YES;
				GCC_WARN_ABOUT_RETURN_TYPE = YES_ERROR;
				GCC_WARN_UNDECLARED_SELECTOR = YES;
				GCC_WARN_UNINITIALIZED_AUTOS = YES_AGGRESSIVE;
				GCC_WARN_UNUSED_FUNCTION = YES;
				GCC_WARN_UNUSED_VARIABLE = YES;
				IPHONEOS_DEPLOYMENT_TARGET = 9.0;
				MTL_ENABLE_DEBUG_INFO = NO;
				SDKROOT = iphoneos;
				VALIDATE_PRODUCT = YES;
			};
			name = Release;
		};
		CC43D1BA1BD76A2A0050DE93 /* Debug */ = {
			isa = XCBuildConfiguration;
			buildSettings = {
				ASSETCATALOG_COMPILER_APPICON_NAME = AppIcon;
				INFOPLIST_FILE = TJRiseTabBarDemo/Info.plist;
				IPHONEOS_DEPLOYMENT_TARGET = 8.0;
				LD_RUNPATH_SEARCH_PATHS = "$(inherited) @executable_path/Frameworks";
				PRODUCT_BUNDLE_IDENTIFIER = com.tofu.TJRiseTabBarDemo;
				PRODUCT_NAME = "$(TARGET_NAME)";
			};
			name = Debug;
		};
		CC43D1BB1BD76A2A0050DE93 /* Release */ = {
			isa = XCBuildConfiguration;
			buildSettings = {
				ASSETCATALOG_COMPILER_APPICON_NAME = AppIcon;
				INFOPLIST_FILE = TJRiseTabBarDemo/Info.plist;
				IPHONEOS_DEPLOYMENT_TARGET = 8.0;
				LD_RUNPATH_SEARCH_PATHS = "$(inherited) @executable_path/Frameworks";
				PRODUCT_BUNDLE_IDENTIFIER = com.tofu.TJRiseTabBarDemo;
				PRODUCT_NAME = "$(TARGET_NAME)";
			};
			name = Release;
		};
/* End XCBuildConfiguration section */

/* Begin XCConfigurationList section */
		CC43D19D1BD76A2A0050DE93 /* Build configuration list for PBXProject "TJRiseTabBarDemo" */ = {
			isa = XCConfigurationList;
			buildConfigurations = (
				CC43D1B71BD76A2A0050DE93 /* Debug */,
				CC43D1B81BD76A2A0050DE93 /* Release */,
			);
			defaultConfigurationIsVisible = 0;
			defaultConfigurationName = Release;
		};
		CC43D1B91BD76A2A0050DE93 /* Build configuration list for PBXNativeTarget "TJRiseTabBarDemo" */ = {
			isa = XCConfigurationList;
			buildConfigurations = (
				CC43D1BA1BD76A2A0050DE93 /* Debug */,
				CC43D1BB1BD76A2A0050DE93 /* Release */,
			);
			defaultConfigurationIsVisible = 0;
			defaultConfigurationName = Release;
		};
/* End XCConfigurationList section */
	};
	rootObject = CC43D19A1BD76A2A0050DE93 /* Project object */;
}
